
Microsoft Visual Studio Solution File, Format Version 12.00
# Visual Studio 15
VisualStudioVersion = 15.0.26730.15
MinimumVisualStudioVersion = 10.0.40219.1
Project("{FAE04EC0-301F-11D3-BF4B-00C04F79EFBC}") = "scoreboardVB10", "scoreboardVB10\scoreboardVB10.csproj", "{8149F814-D25A-49BB-9512-4A5689B1E754}"
EndProject
Project("{FAE04EC0-301F-11D3-BF4B-00C04F79EFBC}") = "scoreboardVB10.Tests", "scoreboardVB10.Tests\scoreboardVB10.Tests.csproj", "{FF742BFA-CFB2-4E0E-850F-0E446B804DED}"
EndProject
Global
	GlobalSection(SolutionConfigurationPlatforms) = preSolution
		Debug|Any CPU = Debug|Any CPU
		Release|Any CPU = Release|Any CPU
	EndGlobalSection
	GlobalSection(ProjectConfigurationPlatforms) = postSolution
		{8149F814-D25A-49BB-9512-4A5689B1E754}.Debug|Any CPU.ActiveCfg = Debug|Any CPU
		{8149F814-D25A-49BB-9512-4A5689B1E754}.Debug|Any CPU.Build.0 = Debug|Any CPU
		{8149F814-D25A-49BB-9512-4A5689B1E754}.Release|Any CPU.ActiveCfg = Release|Any CPU
		{8149F814-D25A-49BB-9512-4A5689B1E754}.Release|Any CPU.Build.0 = Release|Any CPU
		{FF742BFA-CFB2-4E0E-850F-0E446B804DED}.Debug|Any CPU.ActiveCfg = Debug|Any CPU
		{FF742BFA-CFB2-4E0E-850F-0E446B804DED}.Debug|Any CPU.Build.0 = Debug|Any CPU
		{FF742BFA-CFB2-4E0E-850F-0E446B804DED}.Release|Any CPU.ActiveCfg = Release|Any CPU
		{FF742BFA-CFB2-4E0E-850F-0E446B804DED}.Release|Any CPU.Build.0 = Release|Any CPU
	EndGlobalSection
	GlobalSection(SolutionProperties) = preSolution
		HideSolutionNode = FALSE
	EndGlobalSection
	GlobalSection(ExtensibilityGlobals) = postSolution
		SolutionGuid = {A43ECBF2-8E90-4E76-9905-74145EFC8154}
	EndGlobalSection
EndGlobal
